
Microsoft Visual Studio Solution File, Format Version 12.00
# Visual Studio 15
VisualStudioVersion = 15.0.28307.329
MinimumVisualStudioVersion = 10.0.40219.1
Project("{FAE04EC0-301F-11D3-BF4B-00C04F79EFBC}") = "WebApplication16", "WebApplication16\WebApplication16.csproj", "{6455D102-9445-4591-8ABF-2E843CC8057B}"
EndProject
Global
	GlobalSection(SolutionConfigurationPlatforms) = preSolution
		Debug|Any CPU = Debug|Any CPU
		Release|Any CPU = Release|Any CPU
	EndGlobalSection
	GlobalSection(ProjectConfigurationPlatforms) = postSolution
		{6455D102-9445-4591-8ABF-2E843CC8057B}.Debug|Any CPU.ActiveCfg = Debug|Any CPU
		{6455D102-9445-4591-8ABF-2E843CC8057B}.Debug|Any CPU.Build.0 = Debug|Any CPU
		{6455D102-9445-4591-8ABF-2E843CC8057B}.Release|Any CPU.ActiveCfg = Release|Any CPU
		{6455D102-9445-4591-8ABF-2E843CC8057B}.Release|Any CPU.Build.0 = Release|Any CPU
	EndGlobalSection
	GlobalSection(SolutionProperties) = preSolution
		HideSolutionNode = FALSE
	EndGlobalSection
	GlobalSection(ExtensibilityGlobals) = postSolution
		SolutionGuid = {56AE67F1-D118-4E06-83F3-9D939B78FE5B}
	EndGlobalSection
EndGlobal
