
Microsoft Visual Studio Solution File, Format Version 12.00
# Visual Studio 15
VisualStudioVersion = 15.0.28307.421
MinimumVisualStudioVersion = 10.0.40219.1
Project("{FAE04EC0-301F-11D3-BF4B-00C04F79EFBC}") = "FirstEF", "FirstEF\FirstEF.csproj", "{C405D100-2AF5-4482-9C9D-F1D8BDEA377A}"
EndProject
Global
	GlobalSection(SolutionConfigurationPlatforms) = preSolution
		Debug|Any CPU = Debug|Any CPU
		Release|Any CPU = Release|Any CPU
	EndGlobalSection
	GlobalSection(ProjectConfigurationPlatforms) = postSolution
		{C405D100-2AF5-4482-9C9D-F1D8BDEA377A}.Debug|Any CPU.ActiveCfg = Debug|Any CPU
		{C405D100-2AF5-4482-9C9D-F1D8BDEA377A}.Debug|Any CPU.Build.0 = Debug|Any CPU
		{C405D100-2AF5-4482-9C9D-F1D8BDEA377A}.Release|Any CPU.ActiveCfg = Release|Any CPU
		{C405D100-2AF5-4482-9C9D-F1D8BDEA377A}.Release|Any CPU.Build.0 = Release|Any CPU
	EndGlobalSection
	GlobalSection(SolutionProperties) = preSolution
		HideSolutionNode = FALSE
	EndGlobalSection
	GlobalSection(ExtensibilityGlobals) = postSolution
		SolutionGuid = {20B0E5E5-D954-458F-BEEC-3D82387EFB52}
	EndGlobalSection
EndGlobal
